// !$*UTF8*$!
{
	archiveVersion = 1;
	classes = {
	};
	objectVersion = 46;
	objects = {

/* Begin PBXBuildFile section */
		C23A100419A7B7DE002BF2B6 /* MagicalImportFunctions.m in Sources */ = {isa = PBXBuildFile; fileRef = C23A0F9F19A7B7DE002BF2B6 /* MagicalImportFunctions.m */; };
		C23A100519A7B7DE002BF2B6 /* NSAttributeDescription+MagicalDataImport.m in Sources */ = {isa = PBXBuildFile; fileRef = C23A0FA119A7B7DE002BF2B6 /* NSAttributeDescription+MagicalDataImport.m */; };
		C23A100619A7B7DE002BF2B6 /* NSEntityDescription+MagicalDataImport.m in Sources */ = {isa = PBXBuildFile; fileRef = C23A0FA319A7B7DE002BF2B6 /* NSEntityDescription+MagicalDataImport.m */; };
		C23A100719A7B7DE002BF2B6 /* NSNumber+MagicalDataImport.m in Sources */ = {isa = PBXBuildFile; fileRef = C23A0FA519A7B7DE002BF2B6 /* NSNumber+MagicalDataImport.m */; };
		C23A100819A7B7DE002BF2B6 /* NSObject+MagicalDataImport.m in Sources */ = {isa = PBXBuildFile; fileRef = C23A0FA719A7B7DE002BF2B6 /* NSObject+MagicalDataImport.m */; };
		C23A100919A7B7DE002BF2B6 /* NSRelationshipDescription+MagicalDataImport.m in Sources */ = {isa = PBXBuildFile; fileRef = C23A0FA919A7B7DE002BF2B6 /* NSRelationshipDescription+MagicalDataImport.m */; };
		C23A100A19A7B7DE002BF2B6 /* NSString+MagicalDataImport.m in Sources */ = {isa = PBXBuildFile; fileRef = C23A0FAB19A7B7DE002BF2B6 /* NSString+MagicalDataImport.m */; };
		C23A100B19A7B7DE002BF2B6 /* NSFetchedResultsController+MagicalFetching.m in Sources */ = {isa = PBXBuildFile; fileRef = C23A0FAD19A7B7DE002BF2B6 /* NSFetchedResultsController+MagicalFetching.m */; };
		C23A100C19A7B7DE002BF2B6 /* NSManagedObject+MagicalAggregation.m in Sources */ = {isa = PBXBuildFile; fileRef = C23A0FB019A7B7DE002BF2B6 /* NSManagedObject+MagicalAggregation.m */; };
		C23A100D19A7B7DE002BF2B6 /* NSManagedObject+MagicalDataImport.m in Sources */ = {isa = PBXBuildFile; fileRef = C23A0FB219A7B7DE002BF2B6 /* NSManagedObject+MagicalDataImport.m */; };
		C23A100E19A7B7DE002BF2B6 /* NSManagedObject+MagicalFetching.m in Sources */ = {isa = PBXBuildFile; fileRef = C23A0FB419A7B7DE002BF2B6 /* NSManagedObject+MagicalFetching.m */; };
		C23A100F19A7B7DE002BF2B6 /* NSManagedObject+MagicalFinders.m in Sources */ = {isa = PBXBuildFile; fileRef = C23A0FB619A7B7DE002BF2B6 /* NSManagedObject+MagicalFinders.m */; };
		C23A101019A7B7DE002BF2B6 /* NSManagedObject+MagicalRecord.m in Sources */ = {isa = PBXBuildFile; fileRef = C23A0FB819A7B7DE002BF2B6 /* NSManagedObject+MagicalRecord.m */; };
		C23A101119A7B7DE002BF2B6 /* NSManagedObject+MagicalRequests.m in Sources */ = {isa = PBXBuildFile; fileRef = C23A0FBA19A7B7DE002BF2B6 /* NSManagedObject+MagicalRequests.m */; };
		C23A101219A7B7DE002BF2B6 /* NSManagedObjectContext+MagicalObserving.m in Sources */ = {isa = PBXBuildFile; fileRef = C23A0FBD19A7B7DE002BF2B6 /* NSManagedObjectContext+MagicalObserving.m */; };
		C23A101319A7B7DE002BF2B6 /* NSManagedObjectContext+MagicalRecord.m in Sources */ = {isa = PBXBuildFile; fileRef = C23A0FBF19A7B7DE002BF2B6 /* NSManagedObjectContext+MagicalRecord.m */; };
		C23A101419A7B7DE002BF2B6 /* NSManagedObjectContext+MagicalSaves.m in Sources */ = {isa = PBXBuildFile; fileRef = C23A0FC119A7B7DE002BF2B6 /* NSManagedObjectContext+MagicalSaves.m */; };
		C23A101519A7B7DE002BF2B6 /* NSManagedObjectModel+MagicalRecord.m in Sources */ = {isa = PBXBuildFile; fileRef = C23A0FC319A7B7DE002BF2B6 /* NSManagedObjectModel+MagicalRecord.m */; };
		C23A101619A7B7DE002BF2B6 /* NSPersistentStore+MagicalRecord.m in Sources */ = {isa = PBXBuildFile; fileRef = C23A0FC519A7B7DE002BF2B6 /* NSPersistentStore+MagicalRecord.m */; };
		C23A101719A7B7DE002BF2B6 /* NSPersistentStoreCoordinator+MagicalAutoMigrations.m in Sources */ = {isa = PBXBuildFile; fileRef = C23A0FC819A7B7DE002BF2B6 /* NSPersistentStoreCoordinator+MagicalAutoMigrations.m */; };
		C23A101819A7B7DE002BF2B6 /* NSPersistentStoreCoordinator+MagicaliCloudAdditions.m in Sources */ = {isa = PBXBuildFile; fileRef = C23A0FCA19A7B7DE002BF2B6 /* NSPersistentStoreCoordinator+MagicaliCloudAdditions.m */; };
		C23A101919A7B7DE002BF2B6 /* NSPersistentStoreCoordinator+MagicalInMemoryStoreAdditions.m in Sources */ = {isa = PBXBuildFile; fileRef = C23A0FCC19A7B7DE002BF2B6 /* NSPersistentStoreCoordinator+MagicalInMemoryStoreAdditions.m */; };
		C23A101A19A7B7DE002BF2B6 /* NSPersistentStoreCoordinator+MagicalManualMigrations.m in Sources */ = {isa = PBXBuildFile; fileRef = C23A0FCE19A7B7DE002BF2B6 /* NSPersistentStoreCoordinator+MagicalManualMigrations.m */; };
		C23A101B19A7B7DE002BF2B6 /* NSPersistentStoreCoordinator+MagicalRecord.m in Sources */ = {isa = PBXBuildFile; fileRef = C23A0FD019A7B7DE002BF2B6 /* NSPersistentStoreCoordinator+MagicalRecord.m */; };
		C23A101C19A7B7DE002BF2B6 /* NSDictionary+MagicalRecordAdditions.m in Sources */ = {isa = PBXBuildFile; fileRef = C23A0FD319A7B7DE002BF2B6 /* NSDictionary+MagicalRecordAdditions.m */; };
		C23A101D19A7B7DE002BF2B6 /* NSError+MagicalRecordErrorHandling.m in Sources */ = {isa = PBXBuildFile; fileRef = C23A0FD519A7B7DE002BF2B6 /* NSError+MagicalRecordErrorHandling.m */; };
		C23A102019A7B7DE002BF2B6 /* MagicalMigrationManager.m in Sources */ = {isa = PBXBuildFile; fileRef = C23A0FDD19A7B7DE002BF2B6 /* MagicalMigrationManager.m */; };
		C23A102119A7B7DE002BF2B6 /* MagicalRecord+Actions.m in Sources */ = {isa = PBXBuildFile; fileRef = C23A0FE019A7B7DE002BF2B6 /* MagicalRecord+Actions.m */; };
		C23A102219A7B7DE002BF2B6 /* MagicalRecord+Options.m in Sources */ = {isa = PBXBuildFile; fileRef = C23A0FE219A7B7DE002BF2B6 /* MagicalRecord+Options.m */; };
		C23A102319A7B7DE002BF2B6 /* MagicalRecord+Setup.m in Sources */ = {isa = PBXBuildFile; fileRef = C23A0FE419A7B7DE002BF2B6 /* MagicalRecord+Setup.m */; };
		C23A102419A7B7DE002BF2B6 /* MagicalRecord+ShorthandSupport.m in Sources */ = {isa = PBXBuildFile; fileRef = C23A0FE619A7B7DE002BF2B6 /* MagicalRecord+ShorthandSupport.m */; };
		C23A102519A7B7DE002BF2B6 /* MagicalRecord.m in Sources */ = {isa = PBXBuildFile; fileRef = C23A0FE819A7B7DE002BF2B6 /* MagicalRecord.m */; };
		C23A102619A7B7DE002BF2B6 /* AutoMigratingMagicalRecordStack.m in Sources */ = {isa = PBXBuildFile; fileRef = C23A0FEC19A7B7DE002BF2B6 /* AutoMigratingMagicalRecordStack.m */; };
		C23A102719A7B7DE002BF2B6 /* AutoMigratingWithSourceAndTargetModelMagicalRecordStack.m in Sources */ = {isa = PBXBuildFile; fileRef = C23A0FEE19A7B7DE002BF2B6 /* AutoMigratingWithSourceAndTargetModelMagicalRecordStack.m */; };
		C23A102819A7B7DE002BF2B6 /* ClassicSQLiteMagicalRecordStack.m in Sources */ = {isa = PBXBuildFile; fileRef = C23A0FF019A7B7DE002BF2B6 /* ClassicSQLiteMagicalRecordStack.m */; };
		C23A102919A7B7DE002BF2B6 /* ClassicWithBackgroundCoordinatorSQLiteMagicalRecordStack.m in Sources */ = {isa = PBXBuildFile; fileRef = C23A0FF219A7B7DE002BF2B6 /* ClassicWithBackgroundCoordinatorSQLiteMagicalRecordStack.m */; };
		C23A102A19A7B7DE002BF2B6 /* iCloudMagicalRecordStack.m in Sources */ = {isa = PBXBuildFile; fileRef = C23A0FF419A7B7DE002BF2B6 /* iCloudMagicalRecordStack.m */; };
		C23A102B19A7B7DE002BF2B6 /* InMemoryMagicalRecordStack.m in Sources */ = {isa = PBXBuildFile; fileRef = C23A0FF619A7B7DE002BF2B6 /* InMemoryMagicalRecordStack.m */; };
		C23A102C19A7B7DE002BF2B6 /* MagicalRecordStack+Actions.m in Sources */ = {isa = PBXBuildFile; fileRef = C23A0FF819A7B7DE002BF2B6 /* MagicalRecordStack+Actions.m */; };
		C23A102D19A7B7DE002BF2B6 /* MagicalRecordStack.m in Sources */ = {isa = PBXBuildFile; fileRef = C23A0FFB19A7B7DE002BF2B6 /* MagicalRecordStack.m */; };
		C23A102E19A7B7DE002BF2B6 /* ManuallyMigratingMagicalRecordStack.m in Sources */ = {isa = PBXBuildFile; fileRef = C23A0FFD19A7B7DE002BF2B6 /* ManuallyMigratingMagicalRecordStack.m */; };
		C23A102F19A7B7DE002BF2B6 /* SQLiteMagicalRecordStack.m in Sources */ = {isa = PBXBuildFile; fileRef = C23A0FFF19A7B7DE002BF2B6 /* SQLiteMagicalRecordStack.m */; };
		C23A103019A7B7DE002BF2B6 /* SQLiteWithSavingContextMagicalRecordStack.m in Sources */ = {isa = PBXBuildFile; fileRef = C23A100119A7B7DE002BF2B6 /* SQLiteWithSavingContextMagicalRecordStack.m */; };
		C23A103119A7B84E002BF2B6 /* MagicalImportFunctions.h in CopyFiles */ = {isa = PBXBuildFile; fileRef = C23A0F9E19A7B7DE002BF2B6 /* MagicalImportFunctions.h */; };
		C23A103219A7B84E002BF2B6 /* NSAttributeDescription+MagicalDataImport.h in CopyFiles */ = {isa = PBXBuildFile; fileRef = C23A0FA019A7B7DE002BF2B6 /* NSAttributeDescription+MagicalDataImport.h */; };
		C23A103319A7B84E002BF2B6 /* NSEntityDescription+MagicalDataImport.h in CopyFiles */ = {isa = PBXBuildFile; fileRef = C23A0FA219A7B7DE002BF2B6 /* NSEntityDescription+MagicalDataImport.h */; };
		C23A103419A7B84E002BF2B6 /* NSNumber+MagicalDataImport.h in CopyFiles */ = {isa = PBXBuildFile; fileRef = C23A0FA419A7B7DE002BF2B6 /* NSNumber+MagicalDataImport.h */; };
		C23A103519A7B84E002BF2B6 /* NSObject+MagicalDataImport.h in CopyFiles */ = {isa = PBXBuildFile; fileRef = C23A0FA619A7B7DE002BF2B6 /* NSObject+MagicalDataImport.h */; };
		C23A103619A7B84E002BF2B6 /* NSRelationshipDescription+MagicalDataImport.h in CopyFiles */ = {isa = PBXBuildFile; fileRef = C23A0FA819A7B7DE002BF2B6 /* NSRelationshipDescription+MagicalDataImport.h */; };
		C23A103719A7B84E002BF2B6 /* NSString+MagicalDataImport.h in CopyFiles */ = {isa = PBXBuildFile; fileRef = C23A0FAA19A7B7DE002BF2B6 /* NSString+MagicalDataImport.h */; };
		C23A103819A7B84E002BF2B6 /* NSFetchedResultsController+MagicalFetching.h in CopyFiles */ = {isa = PBXBuildFile; fileRef = C23A0FAC19A7B7DE002BF2B6 /* NSFetchedResultsController+MagicalFetching.h */; };
		C23A103919A7B84E002BF2B6 /* NSManagedObject+MagicalAggregation.h in CopyFiles */ = {isa = PBXBuildFile; fileRef = C23A0FAF19A7B7DE002BF2B6 /* NSManagedObject+MagicalAggregation.h */; };
		C23A103A19A7B84E002BF2B6 /* NSManagedObject+MagicalDataImport.h in CopyFiles */ = {isa = PBXBuildFile; fileRef = C23A0FB119A7B7DE002BF2B6 /* NSManagedObject+MagicalDataImport.h */; };
		C23A103B19A7B84E002BF2B6 /* NSManagedObject+MagicalFetching.h in CopyFiles */ = {isa = PBXBuildFile; fileRef = C23A0FB319A7B7DE002BF2B6 /* NSManagedObject+MagicalFetching.h */; };
		C23A103C19A7B84E002BF2B6 /* NSManagedObject+MagicalFinders.h in CopyFiles */ = {isa = PBXBuildFile; fileRef = C23A0FB519A7B7DE002BF2B6 /* NSManagedObject+MagicalFinders.h */; };
		C23A103D19A7B84E002BF2B6 /* NSManagedObject+MagicalRecord.h in CopyFiles */ = {isa = PBXBuildFile; fileRef = C23A0FB719A7B7DE002BF2B6 /* NSManagedObject+MagicalRecord.h */; };
		C23A103E19A7B84E002BF2B6 /* NSManagedObject+MagicalRequests.h in CopyFiles */ = {isa = PBXBuildFile; fileRef = C23A0FB919A7B7DE002BF2B6 /* NSManagedObject+MagicalRequests.h */; };
		C23A103F19A7B84E002BF2B6 /* NSManagedObjectContext+MagicalObserving.h in CopyFiles */ = {isa = PBXBuildFile; fileRef = C23A0FBC19A7B7DE002BF2B6 /* NSManagedObjectContext+MagicalObserving.h */; };
		C23A104019A7B84E002BF2B6 /* NSManagedObjectContext+MagicalRecord.h in CopyFiles */ = {isa = PBXBuildFile; fileRef = C23A0FBE19A7B7DE002BF2B6 /* NSManagedObjectContext+MagicalRecord.h */; };
		C23A104119A7B84E002BF2B6 /* NSManagedObjectContext+MagicalSaves.h in CopyFiles */ = {isa = PBXBuildFile; fileRef = C23A0FC019A7B7DE002BF2B6 /* NSManagedObjectContext+MagicalSaves.h */; };
		C23A104219A7B84E002BF2B6 /* NSManagedObjectModel+MagicalRecord.h in CopyFiles */ = {isa = PBXBuildFile; fileRef = C23A0FC219A7B7DE002BF2B6 /* NSManagedObjectModel+MagicalRecord.h */; };
		C23A104319A7B84E002BF2B6 /* NSPersistentStore+MagicalRecord.h in CopyFiles */ = {isa = PBXBuildFile; fileRef = C23A0FC419A7B7DE002BF2B6 /* NSPersistentStore+MagicalRecord.h */; };
		C23A104419A7B84E002BF2B6 /* NSPersistentStoreCoordinator+MagicalAutoMigrations.h in CopyFiles */ = {isa = PBXBuildFile; fileRef = C23A0FC719A7B7DE002BF2B6 /* NSPersistentStoreCoordinator+MagicalAutoMigrations.h */; };
		C23A104519A7B84E002BF2B6 /* NSPersistentStoreCoordinator+MagicaliCloudAdditions.h in CopyFiles */ = {isa = PBXBuildFile; fileRef = C23A0FC919A7B7DE002BF2B6 /* NSPersistentStoreCoordinator+MagicaliCloudAdditions.h */; };
		C23A104619A7B84E002BF2B6 /* NSPersistentStoreCoordinator+MagicalInMemoryStoreAdditions.h in CopyFiles */ = {isa = PBXBuildFile; fileRef = C23A0FCB19A7B7DE002BF2B6 /* NSPersistentStoreCoordinator+MagicalInMemoryStoreAdditions.h */; };
		C23A104719A7B84E002BF2B6 /* NSPersistentStoreCoordinator+MagicalManualMigrations.h in CopyFiles */ = {isa = PBXBuildFile; fileRef = C23A0FCD19A7B7DE002BF2B6 /* NSPersistentStoreCoordinator+MagicalManualMigrations.h */; };
		C23A104819A7B84E002BF2B6 /* NSPersistentStoreCoordinator+MagicalRecord.h in CopyFiles */ = {isa = PBXBuildFile; fileRef = C23A0FCF19A7B7DE002BF2B6 /* NSPersistentStoreCoordinator+MagicalRecord.h */; };
		C23A104919A7B84E002BF2B6 /* NSDictionary+MagicalRecordAdditions.h in CopyFiles */ = {isa = PBXBuildFile; fileRef = C23A0FD219A7B7DE002BF2B6 /* NSDictionary+MagicalRecordAdditions.h */; };
		C23A104A19A7B84E002BF2B6 /* NSError+MagicalRecordErrorHandling.h in CopyFiles */ = {isa = PBXBuildFile; fileRef = C23A0FD419A7B7DE002BF2B6 /* NSError+MagicalRecordErrorHandling.h */; };
		C23A104D19A7B84E002BF2B6 /* CoreData+MagicalRecord.h in CopyFiles */ = {isa = PBXBuildFile; fileRef = C23A0FDB19A7B7DE002BF2B6 /* CoreData+MagicalRecord.h */; };
		C23A104E19A7B84E002BF2B6 /* MagicalMigrationManager.h in CopyFiles */ = {isa = PBXBuildFile; fileRef = C23A0FDC19A7B7DE002BF2B6 /* MagicalMigrationManager.h */; };
		C23A104F19A7B84E002BF2B6 /* MagicalRecord+Actions.h in CopyFiles */ = {isa = PBXBuildFile; fileRef = C23A0FDF19A7B7DE002BF2B6 /* MagicalRecord+Actions.h */; };
		C23A105019A7B84E002BF2B6 /* MagicalRecord+Options.h in CopyFiles */ = {isa = PBXBuildFile; fileRef = C23A0FE119A7B7DE002BF2B6 /* MagicalRecord+Options.h */; };
		C23A105119A7B84E002BF2B6 /* MagicalRecord+Setup.h in CopyFiles */ = {isa = PBXBuildFile; fileRef = C23A0FE319A7B7DE002BF2B6 /* MagicalRecord+Setup.h */; };
		C23A105219A7B84E002BF2B6 /* MagicalRecord+ShorthandSupport.h in CopyFiles */ = {isa = PBXBuildFile; fileRef = C23A0FE519A7B7DE002BF2B6 /* MagicalRecord+ShorthandSupport.h */; };
		C23A105319A7B84E002BF2B6 /* MagicalRecord.h in CopyFiles */ = {isa = PBXBuildFile; fileRef = C23A0FE719A7B7DE002BF2B6 /* MagicalRecord.h */; };
		C23A105419A7B84E002BF2B6 /* MagicalRecordShorthand.h in CopyFiles */ = {isa = PBXBuildFile; fileRef = C23A0FE919A7B7DE002BF2B6 /* MagicalRecordShorthand.h */; };
		C23A105519A7B84E002BF2B6 /* AutoMigratingMagicalRecordStack.h in CopyFiles */ = {isa = PBXBuildFile; fileRef = C23A0FEB19A7B7DE002BF2B6 /* AutoMigratingMagicalRecordStack.h */; };
		C23A105619A7B84E002BF2B6 /* AutoMigratingWithSourceAndTargetModelMagicalRecordStack.h in CopyFiles */ = {isa = PBXBuildFile; fileRef = C23A0FED19A7B7DE002BF2B6 /* AutoMigratingWithSourceAndTargetModelMagicalRecordStack.h */; };
		C23A105719A7B84E002BF2B6 /* ClassicSQLiteMagicalRecordStack.h in CopyFiles */ = {isa = PBXBuildFile; fileRef = C23A0FEF19A7B7DE002BF2B6 /* ClassicSQLiteMagicalRecordStack.h */; };
		C23A105819A7B84E002BF2B6 /* ClassicWithBackgroundCoordinatorSQLiteMagicalRecordStack.h in CopyFiles */ = {isa = PBXBuildFile; fileRef = C23A0FF119A7B7DE002BF2B6 /* ClassicWithBackgroundCoordinatorSQLiteMagicalRecordStack.h */; };
		C23A105919A7B84E002BF2B6 /* iCloudMagicalRecordStack.h in CopyFiles */ = {isa = PBXBuildFile; fileRef = C23A0FF319A7B7DE002BF2B6 /* iCloudMagicalRecordStack.h */; };
		C23A105A19A7B84E002BF2B6 /* InMemoryMagicalRecordStack.h in CopyFiles */ = {isa = PBXBuildFile; fileRef = C23A0FF519A7B7DE002BF2B6 /* InMemoryMagicalRecordStack.h */; };
		C23A105B19A7B84E002BF2B6 /* MagicalRecordStack+Actions.h in CopyFiles */ = {isa = PBXBuildFile; fileRef = C23A0FF719A7B7DE002BF2B6 /* MagicalRecordStack+Actions.h */; };
		C23A105C19A7B84E002BF2B6 /* MagicalRecordStack+Private.h in CopyFiles */ = {isa = PBXBuildFile; fileRef = C23A0FF919A7B7DE002BF2B6 /* MagicalRecordStack+Private.h */; };
		C23A105D19A7B84E002BF2B6 /* MagicalRecordStack.h in CopyFiles */ = {isa = PBXBuildFile; fileRef = C23A0FFA19A7B7DE002BF2B6 /* MagicalRecordStack.h */; };
		C23A105E19A7B84E002BF2B6 /* ManuallyMigratingMagicalRecordStack.h in CopyFiles */ = {isa = PBXBuildFile; fileRef = C23A0FFC19A7B7DE002BF2B6 /* ManuallyMigratingMagicalRecordStack.h */; };
		C23A105F19A7B84E002BF2B6 /* SQLiteMagicalRecordStack.h in CopyFiles */ = {isa = PBXBuildFile; fileRef = C23A0FFE19A7B7DE002BF2B6 /* SQLiteMagicalRecordStack.h */; };
		C23A106019A7B84E002BF2B6 /* SQLiteWithSavingContextMagicalRecordStack.h in CopyFiles */ = {isa = PBXBuildFile; fileRef = C23A100019A7B7DE002BF2B6 /* SQLiteWithSavingContextMagicalRecordStack.h */; };
		C23A106119A7B84E002BF2B6 /* MagicalRecordLogging.h in CopyFiles */ = {isa = PBXBuildFile; fileRef = C23A100319A7B7DE002BF2B6 /* MagicalRecordLogging.h */; };
/* End PBXBuildFile section */

/* Begin PBXCopyFilesBuildPhase section */
		C23A0F6F19A7B72C002BF2B6 /* CopyFiles */ = {
			isa = PBXCopyFilesBuildPhase;
			buildActionMask = 2147483647;
			dstPath = "include/$(PRODUCT_NAME)";
			dstSubfolderSpec = 16;
			files = (
				C23A103119A7B84E002BF2B6 /* MagicalImportFunctions.h in CopyFiles */,
				C23A103219A7B84E002BF2B6 /* NSAttributeDescription+MagicalDataImport.h in CopyFiles */,
				C23A103319A7B84E002BF2B6 /* NSEntityDescription+MagicalDataImport.h in CopyFiles */,
				C23A103419A7B84E002BF2B6 /* NSNumber+MagicalDataImport.h in CopyFiles */,
				C23A103519A7B84E002BF2B6 /* NSObject+MagicalDataImport.h in CopyFiles */,
				C23A103619A7B84E002BF2B6 /* NSRelationshipDescription+MagicalDataImport.h in CopyFiles */,
				C23A103719A7B84E002BF2B6 /* NSString+MagicalDataImport.h in CopyFiles */,
				C23A103819A7B84E002BF2B6 /* NSFetchedResultsController+MagicalFetching.h in CopyFiles */,
				C23A103919A7B84E002BF2B6 /* NSManagedObject+MagicalAggregation.h in CopyFiles */,
				C23A103A19A7B84E002BF2B6 /* NSManagedObject+MagicalDataImport.h in CopyFiles */,
				C23A103B19A7B84E002BF2B6 /* NSManagedObject+MagicalFetching.h in CopyFiles */,
				C23A103C19A7B84E002BF2B6 /* NSManagedObject+MagicalFinders.h in CopyFiles */,
				C23A103D19A7B84E002BF2B6 /* NSManagedObject+MagicalRecord.h in CopyFiles */,
				C23A103E19A7B84E002BF2B6 /* NSManagedObject+MagicalRequests.h in CopyFiles */,
				C23A103F19A7B84E002BF2B6 /* NSManagedObjectContext+MagicalObserving.h in CopyFiles */,
				C23A104019A7B84E002BF2B6 /* NSManagedObjectContext+MagicalRecord.h in CopyFiles */,
				C23A104119A7B84E002BF2B6 /* NSManagedObjectContext+MagicalSaves.h in CopyFiles */,
				C23A104219A7B84E002BF2B6 /* NSManagedObjectModel+MagicalRecord.h in CopyFiles */,
				C23A104319A7B84E002BF2B6 /* NSPersistentStore+MagicalRecord.h in CopyFiles */,
				C23A104419A7B84E002BF2B6 /* NSPersistentStoreCoordinator+MagicalAutoMigrations.h in CopyFiles */,
				C23A104519A7B84E002BF2B6 /* NSPersistentStoreCoordinator+MagicaliCloudAdditions.h in CopyFiles */,
				C23A104619A7B84E002BF2B6 /* NSPersistentStoreCoordinator+MagicalInMemoryStoreAdditions.h in CopyFiles */,
				C23A104719A7B84E002BF2B6 /* NSPersistentStoreCoordinator+MagicalManualMigrations.h in CopyFiles */,
				C23A104819A7B84E002BF2B6 /* NSPersistentStoreCoordinator+MagicalRecord.h in CopyFiles */,
				C23A104919A7B84E002BF2B6 /* NSDictionary+MagicalRecordAdditions.h in CopyFiles */,
				C23A104A19A7B84E002BF2B6 /* NSError+MagicalRecordErrorHandling.h in CopyFiles */,
				C23A104D19A7B84E002BF2B6 /* CoreData+MagicalRecord.h in CopyFiles */,
				C23A104E19A7B84E002BF2B6 /* MagicalMigrationManager.h in CopyFiles */,
				C23A104F19A7B84E002BF2B6 /* MagicalRecord+Actions.h in CopyFiles */,
				C23A105019A7B84E002BF2B6 /* MagicalRecord+Options.h in CopyFiles */,
				C23A105119A7B84E002BF2B6 /* MagicalRecord+Setup.h in CopyFiles */,
				C23A105219A7B84E002BF2B6 /* MagicalRecord+ShorthandSupport.h in CopyFiles */,
				C23A105319A7B84E002BF2B6 /* MagicalRecord.h in CopyFiles */,
				C23A105419A7B84E002BF2B6 /* MagicalRecordShorthand.h in CopyFiles */,
				C23A105519A7B84E002BF2B6 /* AutoMigratingMagicalRecordStack.h in CopyFiles */,
				C23A105619A7B84E002BF2B6 /* AutoMigratingWithSourceAndTargetModelMagicalRecordStack.h in CopyFiles */,
				C23A105719A7B84E002BF2B6 /* ClassicSQLiteMagicalRecordStack.h in CopyFiles */,
				C23A105819A7B84E002BF2B6 /* ClassicWithBackgroundCoordinatorSQLiteMagicalRecordStack.h in CopyFiles */,
				C23A105919A7B84E002BF2B6 /* iCloudMagicalRecordStack.h in CopyFiles */,
				C23A105A19A7B84E002BF2B6 /* InMemoryMagicalRecordStack.h in CopyFiles */,
				C23A105B19A7B84E002BF2B6 /* MagicalRecordStack+Actions.h in CopyFiles */,
				C23A105C19A7B84E002BF2B6 /* MagicalRecordStack+Private.h in CopyFiles */,
				C23A105D19A7B84E002BF2B6 /* MagicalRecordStack.h in CopyFiles */,
				C23A105E19A7B84E002BF2B6 /* ManuallyMigratingMagicalRecordStack.h in CopyFiles */,
				C23A105F19A7B84E002BF2B6 /* SQLiteMagicalRecordStack.h in CopyFiles */,
				C23A106019A7B84E002BF2B6 /* SQLiteWithSavingContextMagicalRecordStack.h in CopyFiles */,
				C23A106119A7B84E002BF2B6 /* MagicalRecordLogging.h in CopyFiles */,
			);
			runOnlyForDeploymentPostprocessing = 0;
		};
/* End PBXCopyFilesBuildPhase section */

/* Begin PBXFileReference section */
		C23A0F7119A7B72C002BF2B6 /* MagicalRecord.a */ = {isa = PBXFileReference; explicitFileType = archive.ar; includeInIndex = 0; path = MagicalRecord.a; sourceTree = BUILT_PRODUCTS_DIR; };
		C23A0F7819A7B72C002BF2B6 /* MagicalRecord-Prefix.pch */ = {isa = PBXFileReference; lastKnownFileType = sourcecode.c.h; path = "MagicalRecord-Prefix.pch"; sourceTree = "<group>"; };
		C23A0F9E19A7B7DE002BF2B6 /* MagicalImportFunctions.h */ = {isa = PBXFileReference; fileEncoding = 4; lastKnownFileType = sourcecode.c.h; path = MagicalImportFunctions.h; sourceTree = "<group>"; };
		C23A0F9F19A7B7DE002BF2B6 /* MagicalImportFunctions.m */ = {isa = PBXFileReference; fileEncoding = 4; lastKnownFileType = sourcecode.c.objc; path = MagicalImportFunctions.m; sourceTree = "<group>"; };
		C23A0FA019A7B7DE002BF2B6 /* NSAttributeDescription+MagicalDataImport.h */ = {isa = PBXFileReference; fileEncoding = 4; lastKnownFileType = sourcecode.c.h; path = "NSAttributeDescription+MagicalDataImport.h"; sourceTree = "<group>"; };
		C23A0FA119A7B7DE002BF2B6 /* NSAttributeDescription+MagicalDataImport.m */ = {isa = PBXFileReference; fileEncoding = 4; lastKnownFileType = sourcecode.c.objc; path = "NSAttributeDescription+MagicalDataImport.m"; sourceTree = "<group>"; };
		C23A0FA219A7B7DE002BF2B6 /* NSEntityDescription+MagicalDataImport.h */ = {isa = PBXFileReference; fileEncoding = 4; lastKnownFileType = sourcecode.c.h; path = "NSEntityDescription+MagicalDataImport.h"; sourceTree = "<group>"; };
		C23A0FA319A7B7DE002BF2B6 /* NSEntityDescription+MagicalDataImport.m */ = {isa = PBXFileReference; fileEncoding = 4; lastKnownFileType = sourcecode.c.objc; path = "NSEntityDescription+MagicalDataImport.m"; sourceTree = "<group>"; };
		C23A0FA419A7B7DE002BF2B6 /* NSNumber+MagicalDataImport.h */ = {isa = PBXFileReference; fileEncoding = 4; lastKnownFileType = sourcecode.c.h; path = "NSNumber+MagicalDataImport.h"; sourceTree = "<group>"; };
		C23A0FA519A7B7DE002BF2B6 /* NSNumber+MagicalDataImport.m */ = {isa = PBXFileReference; fileEncoding = 4; lastKnownFileType = sourcecode.c.objc; path = "NSNumber+MagicalDataImport.m"; sourceTree = "<group>"; };
		C23A0FA619A7B7DE002BF2B6 /* NSObject+MagicalDataImport.h */ = {isa = PBXFileReference; fileEncoding = 4; lastKnownFileType = sourcecode.c.h; path = "NSObject+MagicalDataImport.h"; sourceTree = "<group>"; };
		C23A0FA719A7B7DE002BF2B6 /* NSObject+MagicalDataImport.m */ = {isa = PBXFileReference; fileEncoding = 4; lastKnownFileType = sourcecode.c.objc; path = "NSObject+MagicalDataImport.m"; sourceTree = "<group>"; };
		C23A0FA819A7B7DE002BF2B6 /* NSRelationshipDescription+MagicalDataImport.h */ = {isa = PBXFileReference; fileEncoding = 4; lastKnownFileType = sourcecode.c.h; path = "NSRelationshipDescription+MagicalDataImport.h"; sourceTree = "<group>"; };
		C23A0FA919A7B7DE002BF2B6 /* NSRelationshipDescription+MagicalDataImport.m */ = {isa = PBXFileReference; fileEncoding = 4; lastKnownFileType = sourcecode.c.objc; path = "NSRelationshipDescription+MagicalDataImport.m"; sourceTree = "<group>"; };
		C23A0FAA19A7B7DE002BF2B6 /* NSString+MagicalDataImport.h */ = {isa = PBXFileReference; fileEncoding = 4; lastKnownFileType = sourcecode.c.h; path = "NSString+MagicalDataImport.h"; sourceTree = "<group>"; };
		C23A0FAB19A7B7DE002BF2B6 /* NSString+MagicalDataImport.m */ = {isa = PBXFileReference; fileEncoding = 4; lastKnownFileType = sourcecode.c.objc; path = "NSString+MagicalDataImport.m"; sourceTree = "<group>"; };
		C23A0FAC19A7B7DE002BF2B6 /* NSFetchedResultsController+MagicalFetching.h */ = {isa = PBXFileReference; fileEncoding = 4; lastKnownFileType = sourcecode.c.h; path = "NSFetchedResultsController+MagicalFetching.h"; sourceTree = "<group>"; };
		C23A0FAD19A7B7DE002BF2B6 /* NSFetchedResultsController+MagicalFetching.m */ = {isa = PBXFileReference; fileEncoding = 4; lastKnownFileType = sourcecode.c.objc; path = "NSFetchedResultsController+MagicalFetching.m"; sourceTree = "<group>"; };
		C23A0FAF19A7B7DE002BF2B6 /* NSManagedObject+MagicalAggregation.h */ = {isa = PBXFileReference; fileEncoding = 4; lastKnownFileType = sourcecode.c.h; path = "NSManagedObject+MagicalAggregation.h"; sourceTree = "<group>"; };
		C23A0FB019A7B7DE002BF2B6 /* NSManagedObject+MagicalAggregation.m */ = {isa = PBXFileReference; fileEncoding = 4; lastKnownFileType = sourcecode.c.objc; path = "NSManagedObject+MagicalAggregation.m"; sourceTree = "<group>"; };
		C23A0FB119A7B7DE002BF2B6 /* NSManagedObject+MagicalDataImport.h */ = {isa = PBXFileReference; fileEncoding = 4; lastKnownFileType = sourcecode.c.h; path = "NSManagedObject+MagicalDataImport.h"; sourceTree = "<group>"; };
		C23A0FB219A7B7DE002BF2B6 /* NSManagedObject+MagicalDataImport.m */ = {isa = PBXFileReference; fileEncoding = 4; lastKnownFileType = sourcecode.c.objc; path = "NSManagedObject+MagicalDataImport.m"; sourceTree = "<group>"; };
		C23A0FB319A7B7DE002BF2B6 /* NSManagedObject+MagicalFetching.h */ = {isa = PBXFileReference; fileEncoding = 4; lastKnownFileType = sourcecode.c.h; path = "NSManagedObject+MagicalFetching.h"; sourceTree = "<group>"; };
		C23A0FB419A7B7DE002BF2B6 /* NSManagedObject+MagicalFetching.m */ = {isa = PBXFileReference; fileEncoding = 4; lastKnownFileType = sourcecode.c.objc; path = "NSManagedObject+MagicalFetching.m"; sourceTree = "<group>"; };
		C23A0FB519A7B7DE002BF2B6 /* NSManagedObject+MagicalFinders.h */ = {isa = PBXFileReference; fileEncoding = 4; lastKnownFileType = sourcecode.c.h; path = "NSManagedObject+MagicalFinders.h"; sourceTree = "<group>"; };
		C23A0FB619A7B7DE002BF2B6 /* NSManagedObject+MagicalFinders.m */ = {isa = PBXFileReference; fileEncoding = 4; lastKnownFileType = sourcecode.c.objc; path = "NSManagedObject+MagicalFinders.m"; sourceTree = "<group>"; };
		C23A0FB719A7B7DE002BF2B6 /* NSManagedObject+MagicalRecord.h */ = {isa = PBXFileReference; fileEncoding = 4; lastKnownFileType = sourcecode.c.h; path = "NSManagedObject+MagicalRecord.h"; sourceTree = "<group>"; };
		C23A0FB819A7B7DE002BF2B6 /* NSManagedObject+MagicalRecord.m */ = {isa = PBXFileReference; fileEncoding = 4; lastKnownFileType = sourcecode.c.objc; path = "NSManagedObject+MagicalRecord.m"; sourceTree = "<group>"; };
		C23A0FB919A7B7DE002BF2B6 /* NSManagedObject+MagicalRequests.h */ = {isa = PBXFileReference; fileEncoding = 4; lastKnownFileType = sourcecode.c.h; path = "NSManagedObject+MagicalRequests.h"; sourceTree = "<group>"; };
		C23A0FBA19A7B7DE002BF2B6 /* NSManagedObject+MagicalRequests.m */ = {isa = PBXFileReference; fileEncoding = 4; lastKnownFileType = sourcecode.c.objc; path = "NSManagedObject+MagicalRequests.m"; sourceTree = "<group>"; };
		C23A0FBC19A7B7DE002BF2B6 /* NSManagedObjectContext+MagicalObserving.h */ = {isa = PBXFileReference; fileEncoding = 4; lastKnownFileType = sourcecode.c.h; path = "NSManagedObjectContext+MagicalObserving.h"; sourceTree = "<group>"; };
		C23A0FBD19A7B7DE002BF2B6 /* NSManagedObjectContext+MagicalObserving.m */ = {isa = PBXFileReference; fileEncoding = 4; lastKnownFileType = sourcecode.c.objc; path = "NSManagedObjectContext+MagicalObserving.m"; sourceTree = "<group>"; };
		C23A0FBE19A7B7DE002BF2B6 /* NSManagedObjectContext+MagicalRecord.h */ = {isa = PBXFileReference; fileEncoding = 4; lastKnownFileType = sourcecode.c.h; path = "NSManagedObjectContext+MagicalRecord.h"; sourceTree = "<group>"; };
		C23A0FBF19A7B7DE002BF2B6 /* NSManagedObjectContext+MagicalRecord.m */ = {isa = PBXFileReference; fileEncoding = 4; lastKnownFileType = sourcecode.c.objc; path = "NSManagedObjectContext+MagicalRecord.m"; sourceTree = "<group>"; };
		C23A0FC019A7B7DE002BF2B6 /* NSManagedObjectContext+MagicalSaves.h */ = {isa = PBXFileReference; fileEncoding = 4; lastKnownFileType = sourcecode.c.h; path = "NSManagedObjectContext+MagicalSaves.h"; sourceTree = "<group>"; };
		C23A0FC119A7B7DE002BF2B6 /* NSManagedObjectContext+MagicalSaves.m */ = {isa = PBXFileReference; fileEncoding = 4; lastKnownFileType = sourcecode.c.objc; path = "NSManagedObjectContext+MagicalSaves.m"; sourceTree = "<group>"; };
		C23A0FC219A7B7DE002BF2B6 /* NSManagedObjectModel+MagicalRecord.h */ = {isa = PBXFileReference; fileEncoding = 4; lastKnownFileType = sourcecode.c.h; path = "NSManagedObjectModel+MagicalRecord.h"; sourceTree = "<group>"; };
		C23A0FC319A7B7DE002BF2B6 /* NSManagedObjectModel+MagicalRecord.m */ = {isa = PBXFileReference; fileEncoding = 4; lastKnownFileType = sourcecode.c.objc; path = "NSManagedObjectModel+MagicalRecord.m"; sourceTree = "<group>"; };
		C23A0FC419A7B7DE002BF2B6 /* NSPersistentStore+MagicalRecord.h */ = {isa = PBXFileReference; fileEncoding = 4; lastKnownFileType = sourcecode.c.h; path = "NSPersistentStore+MagicalRecord.h"; sourceTree = "<group>"; };
		C23A0FC519A7B7DE002BF2B6 /* NSPersistentStore+MagicalRecord.m */ = {isa = PBXFileReference; fileEncoding = 4; lastKnownFileType = sourcecode.c.objc; path = "NSPersistentStore+MagicalRecord.m"; sourceTree = "<group>"; };
		C23A0FC719A7B7DE002BF2B6 /* NSPersistentStoreCoordinator+MagicalAutoMigrations.h */ = {isa = PBXFileReference; fileEncoding = 4; lastKnownFileType = sourcecode.c.h; path = "NSPersistentStoreCoordinator+MagicalAutoMigrations.h"; sourceTree = "<group>"; };
		C23A0FC819A7B7DE002BF2B6 /* NSPersistentStoreCoordinator+MagicalAutoMigrations.m */ = {isa = PBXFileReference; fileEncoding = 4; lastKnownFileType = sourcecode.c.objc; path = "NSPersistentStoreCoordinator+MagicalAutoMigrations.m"; sourceTree = "<group>"; };
		C23A0FC919A7B7DE002BF2B6 /* NSPersistentStoreCoordinator+MagicaliCloudAdditions.h */ = {isa = PBXFileReference; fileEncoding = 4; lastKnownFileType = sourcecode.c.h; path = "NSPersistentStoreCoordinator+MagicaliCloudAdditions.h"; sourceTree = "<group>"; };
		C23A0FCA19A7B7DE002BF2B6 /* NSPersistentStoreCoordinator+MagicaliCloudAdditions.m */ = {isa = PBXFileReference; fileEncoding = 4; lastKnownFileType = sourcecode.c.objc; path = "NSPersistentStoreCoordinator+MagicaliCloudAdditions.m"; sourceTree = "<group>"; };
		C23A0FCB19A7B7DE002BF2B6 /* NSPersistentStoreCoordinator+MagicalInMemoryStoreAdditions.h */ = {isa = PBXFileReference; fileEncoding = 4; lastKnownFileType = sourcecode.c.h; path = "NSPersistentStoreCoordinator+MagicalInMemoryStoreAdditions.h"; sourceTree = "<group>"; };
		C23A0FCC19A7B7DE002BF2B6 /* NSPersistentStoreCoordinator+MagicalInMemoryStoreAdditions.m */ = {isa = PBXFileReference; fileEncoding = 4; lastKnownFileType = sourcecode.c.objc; path = "NSPersistentStoreCoordinator+MagicalInMemoryStoreAdditions.m"; sourceTree = "<group>"; };
		C23A0FCD19A7B7DE002BF2B6 /* NSPersistentStoreCoordinator+MagicalManualMigrations.h */ = {isa = PBXFileReference; fileEncoding = 4; lastKnownFileType = sourcecode.c.h; path = "NSPersistentStoreCoordinator+MagicalManualMigrations.h"; sourceTree = "<group>"; };
		C23A0FCE19A7B7DE002BF2B6 /* NSPersistentStoreCoordinator+MagicalManualMigrations.m */ = {isa = PBXFileReference; fileEncoding = 4; lastKnownFileType = sourcecode.c.objc; path = "NSPersistentStoreCoordinator+MagicalManualMigrations.m"; sourceTree = "<group>"; };
		C23A0FCF19A7B7DE002BF2B6 /* NSPersistentStoreCoordinator+MagicalRecord.h */ = {isa = PBXFileReference; fileEncoding = 4; lastKnownFileType = sourcecode.c.h; path = "NSPersistentStoreCoordinator+MagicalRecord.h"; sourceTree = "<group>"; };
		C23A0FD019A7B7DE002BF2B6 /* NSPersistentStoreCoordinator+MagicalRecord.m */ = {isa = PBXFileReference; fileEncoding = 4; lastKnownFileType = sourcecode.c.objc; path = "NSPersistentStoreCoordinator+MagicalRecord.m"; sourceTree = "<group>"; };
		C23A0FD219A7B7DE002BF2B6 /* NSDictionary+MagicalRecordAdditions.h */ = {isa = PBXFileReference; fileEncoding = 4; lastKnownFileType = sourcecode.c.h; path = "NSDictionary+MagicalRecordAdditions.h"; sourceTree = "<group>"; };
		C23A0FD319A7B7DE002BF2B6 /* NSDictionary+MagicalRecordAdditions.m */ = {isa = PBXFileReference; fileEncoding = 4; lastKnownFileType = sourcecode.c.objc; path = "NSDictionary+MagicalRecordAdditions.m"; sourceTree = "<group>"; };
		C23A0FD419A7B7DE002BF2B6 /* NSError+MagicalRecordErrorHandling.h */ = {isa = PBXFileReference; fileEncoding = 4; lastKnownFileType = sourcecode.c.h; path = "NSError+MagicalRecordErrorHandling.h"; sourceTree = "<group>"; };
		C23A0FD519A7B7DE002BF2B6 /* NSError+MagicalRecordErrorHandling.m */ = {isa = PBXFileReference; fileEncoding = 4; lastKnownFileType = sourcecode.c.objc; path = "NSError+MagicalRecordErrorHandling.m"; sourceTree = "<group>"; };
		C23A0FDB19A7B7DE002BF2B6 /* CoreData+MagicalRecord.h */ = {isa = PBXFileReference; fileEncoding = 4; lastKnownFileType = sourcecode.c.h; path = "CoreData+MagicalRecord.h"; sourceTree = "<group>"; };
		C23A0FDC19A7B7DE002BF2B6 /* MagicalMigrationManager.h */ = {isa = PBXFileReference; fileEncoding = 4; lastKnownFileType = sourcecode.c.h; path = MagicalMigrationManager.h; sourceTree = "<group>"; };
		C23A0FDD19A7B7DE002BF2B6 /* MagicalMigrationManager.m */ = {isa = PBXFileReference; fileEncoding = 4; lastKnownFileType = sourcecode.c.objc; path = MagicalMigrationManager.m; sourceTree = "<group>"; };
		C23A0FDF19A7B7DE002BF2B6 /* MagicalRecord+Actions.h */ = {isa = PBXFileReference; fileEncoding = 4; lastKnownFileType = sourcecode.c.h; path = "MagicalRecord+Actions.h"; sourceTree = "<group>"; };
		C23A0FE019A7B7DE002BF2B6 /* MagicalRecord+Actions.m */ = {isa = PBXFileReference; fileEncoding = 4; lastKnownFileType = sourcecode.c.objc; path = "MagicalRecord+Actions.m"; sourceTree = "<group>"; };
		C23A0FE119A7B7DE002BF2B6 /* MagicalRecord+Options.h */ = {isa = PBXFileReference; fileEncoding = 4; lastKnownFileType = sourcecode.c.h; path = "MagicalRecord+Options.h"; sourceTree = "<group>"; };
		C23A0FE219A7B7DE002BF2B6 /* MagicalRecord+Options.m */ = {isa = PBXFileReference; fileEncoding = 4; lastKnownFileType = sourcecode.c.objc; path = "MagicalRecord+Options.m"; sourceTree = "<group>"; };
		C23A0FE319A7B7DE002BF2B6 /* MagicalRecord+Setup.h */ = {isa = PBXFileReference; fileEncoding = 4; lastKnownFileType = sourcecode.c.h; path = "MagicalRecord+Setup.h"; sourceTree = "<group>"; };
		C23A0FE419A7B7DE002BF2B6 /* MagicalRecord+Setup.m */ = {isa = PBXFileReference; fileEncoding = 4; lastKnownFileType = sourcecode.c.objc; path = "MagicalRecord+Setup.m"; sourceTree = "<group>"; };
		C23A0FE519A7B7DE002BF2B6 /* MagicalRecord+ShorthandSupport.h */ = {isa = PBXFileReference; fileEncoding = 4; lastKnownFileType = sourcecode.c.h; path = "MagicalRecord+ShorthandSupport.h"; sourceTree = "<group>"; };
		C23A0FE619A7B7DE002BF2B6 /* MagicalRecord+ShorthandSupport.m */ = {isa = PBXFileReference; fileEncoding = 4; lastKnownFileType = sourcecode.c.objc; path = "MagicalRecord+ShorthandSupport.m"; sourceTree = "<group>"; };
		C23A0FE719A7B7DE002BF2B6 /* MagicalRecord.h */ = {isa = PBXFileReference; fileEncoding = 4; lastKnownFileType = sourcecode.c.h; path = MagicalRecord.h; sourceTree = "<group>"; };
		C23A0FE819A7B7DE002BF2B6 /* MagicalRecord.m */ = {isa = PBXFileReference; fileEncoding = 4; lastKnownFileType = sourcecode.c.objc; path = MagicalRecord.m; sourceTree = "<group>"; };
		C23A0FE919A7B7DE002BF2B6 /* MagicalRecordShorthand.h */ = {isa = PBXFileReference; fileEncoding = 4; lastKnownFileType = sourcecode.c.h; path = MagicalRecordShorthand.h; sourceTree = "<group>"; };
		C23A0FEB19A7B7DE002BF2B6 /* AutoMigratingMagicalRecordStack.h */ = {isa = PBXFileReference; fileEncoding = 4; lastKnownFileType = sourcecode.c.h; path = AutoMigratingMagicalRecordStack.h; sourceTree = "<group>"; };
		C23A0FEC19A7B7DE002BF2B6 /* AutoMigratingMagicalRecordStack.m */ = {isa = PBXFileReference; fileEncoding = 4; lastKnownFileType = sourcecode.c.objc; path = AutoMigratingMagicalRecordStack.m; sourceTree = "<group>"; };
		C23A0FED19A7B7DE002BF2B6 /* AutoMigratingWithSourceAndTargetModelMagicalRecordStack.h */ = {isa = PBXFileReference; fileEncoding = 4; lastKnownFileType = sourcecode.c.h; path = AutoMigratingWithSourceAndTargetModelMagicalRecordStack.h; sourceTree = "<group>"; };
		C23A0FEE19A7B7DE002BF2B6 /* AutoMigratingWithSourceAndTargetModelMagicalRecordStack.m */ = {isa = PBXFileReference; fileEncoding = 4; lastKnownFileType = sourcecode.c.objc; path = AutoMigratingWithSourceAndTargetModelMagicalRecordStack.m; sourceTree = "<group>"; };
		C23A0FEF19A7B7DE002BF2B6 /* ClassicSQLiteMagicalRecordStack.h */ = {isa = PBXFileReference; fileEncoding = 4; lastKnownFileType = sourcecode.c.h; path = ClassicSQLiteMagicalRecordStack.h; sourceTree = "<group>"; };
		C23A0FF019A7B7DE002BF2B6 /* ClassicSQLiteMagicalRecordStack.m */ = {isa = PBXFileReference; fileEncoding = 4; lastKnownFileType = sourcecode.c.objc; path = ClassicSQLiteMagicalRecordStack.m; sourceTree = "<group>"; };
		C23A0FF119A7B7DE002BF2B6 /* ClassicWithBackgroundCoordinatorSQLiteMagicalRecordStack.h */ = {isa = PBXFileReference; fileEncoding = 4; lastKnownFileType = sourcecode.c.h; path = ClassicWithBackgroundCoordinatorSQLiteMagicalRecordStack.h; sourceTree = "<group>"; };
		C23A0FF219A7B7DE002BF2B6 /* ClassicWithBackgroundCoordinatorSQLiteMagicalRecordStack.m */ = {isa = PBXFileReference; fileEncoding = 4; lastKnownFileType = sourcecode.c.objc; path = ClassicWithBackgroundCoordinatorSQLiteMagicalRecordStack.m; sourceTree = "<group>"; };
		C23A0FF319A7B7DE002BF2B6 /* iCloudMagicalRecordStack.h */ = {isa = PBXFileReference; fileEncoding = 4; lastKnownFileType = sourcecode.c.h; path = iCloudMagicalRecordStack.h; sourceTree = "<group>"; };
		C23A0FF419A7B7DE002BF2B6 /* iCloudMagicalRecordStack.m */ = {isa = PBXFileReference; fileEncoding = 4; lastKnownFileType = sourcecode.c.objc; path = iCloudMagicalRecordStack.m; sourceTree = "<group>"; };
		C23A0FF519A7B7DE002BF2B6 /* InMemoryMagicalRecordStack.h */ = {isa = PBXFileReference; fileEncoding = 4; lastKnownFileType = sourcecode.c.h; path = InMemoryMagicalRecordStack.h; sourceTree = "<group>"; };
		C23A0FF619A7B7DE002BF2B6 /* InMemoryMagicalRecordStack.m */ = {isa = PBXFileReference; fileEncoding = 4; lastKnownFileType = sourcecode.c.objc; path = InMemoryMagicalRecordStack.m; sourceTree = "<group>"; };
		C23A0FF719A7B7DE002BF2B6 /* MagicalRecordStack+Actions.h */ = {isa = PBXFileReference; fileEncoding = 4; lastKnownFileType = sourcecode.c.h; path = "MagicalRecordStack+Actions.h"; sourceTree = "<group>"; };
		C23A0FF819A7B7DE002BF2B6 /* MagicalRecordStack+Actions.m */ = {isa = PBXFileReference; fileEncoding = 4; lastKnownFileType = sourcecode.c.objc; path = "MagicalRecordStack+Actions.m"; sourceTree = "<group>"; };
		C23A0FF919A7B7DE002BF2B6 /* MagicalRecordStack+Private.h */ = {isa = PBXFileReference; fileEncoding = 4; lastKnownFileType = sourcecode.c.h; path = "MagicalRecordStack+Private.h"; sourceTree = "<group>"; };
		C23A0FFA19A7B7DE002BF2B6 /* MagicalRecordStack.h */ = {isa = PBXFileReference; fileEncoding = 4; lastKnownFileType = sourcecode.c.h; path = MagicalRecordStack.h; sourceTree = "<group>"; };
		C23A0FFB19A7B7DE002BF2B6 /* MagicalRecordStack.m */ = {isa = PBXFileReference; fileEncoding = 4; lastKnownFileType = sourcecode.c.objc; path = MagicalRecordStack.m; sourceTree = "<group>"; };
		C23A0FFC19A7B7DE002BF2B6 /* ManuallyMigratingMagicalRecordStack.h */ = {isa = PBXFileReference; fileEncoding = 4; lastKnownFileType = sourcecode.c.h; path = ManuallyMigratingMagicalRecordStack.h; sourceTree = "<group>"; };
		C23A0FFD19A7B7DE002BF2B6 /* ManuallyMigratingMagicalRecordStack.m */ = {isa = PBXFileReference; fileEncoding = 4; lastKnownFileType = sourcecode.c.objc; path = ManuallyMigratingMagicalRecordStack.m; sourceTree = "<group>"; };
		C23A0FFE19A7B7DE002BF2B6 /* SQLiteMagicalRecordStack.h */ = {isa = PBXFileReference; fileEncoding = 4; lastKnownFileType = sourcecode.c.h; path = SQLiteMagicalRecordStack.h; sourceTree = "<group>"; };
		C23A0FFF19A7B7DE002BF2B6 /* SQLiteMagicalRecordStack.m */ = {isa = PBXFileReference; fileEncoding = 4; lastKnownFileType = sourcecode.c.objc; path = SQLiteMagicalRecordStack.m; sourceTree = "<group>"; };
		C23A100019A7B7DE002BF2B6 /* SQLiteWithSavingContextMagicalRecordStack.h */ = {isa = PBXFileReference; fileEncoding = 4; lastKnownFileType = sourcecode.c.h; path = SQLiteWithSavingContextMagicalRecordStack.h; sourceTree = "<group>"; };
		C23A100119A7B7DE002BF2B6 /* SQLiteWithSavingContextMagicalRecordStack.m */ = {isa = PBXFileReference; fileEncoding = 4; lastKnownFileType = sourcecode.c.objc; path = SQLiteWithSavingContextMagicalRecordStack.m; sourceTree = "<group>"; };
		C23A100319A7B7DE002BF2B6 /* MagicalRecordLogging.h */ = {isa = PBXFileReference; fileEncoding = 4; lastKnownFileType = sourcecode.c.h; path = MagicalRecordLogging.h; sourceTree = "<group>"; };
/* End PBXFileReference section */

/* Begin PBXFrameworksBuildPhase section */
		C23A0F6E19A7B72C002BF2B6 /* Frameworks */ = {
			isa = PBXFrameworksBuildPhase;
			buildActionMask = 2147483647;
			files = (
			);
			runOnlyForDeploymentPostprocessing = 0;
		};
/* End PBXFrameworksBuildPhase section */

/* Begin PBXGroup section */
		C23A0F6819A7B72C002BF2B6 = {
			isa = PBXGroup;
			children = (
				C23A0F7619A7B72C002BF2B6 /* MagicalRecord */,
				C23A0F7219A7B72C002BF2B6 /* Products */,
			);
			sourceTree = "<group>";
		};
		C23A0F7219A7B72C002BF2B6 /* Products */ = {
			isa = PBXGroup;
			children = (
				C23A0F7119A7B72C002BF2B6 /* MagicalRecord.a */,
			);
			name = Products;
			sourceTree = "<group>";
		};
		C23A0F7619A7B72C002BF2B6 /* MagicalRecord */ = {
			isa = PBXGroup;
			children = (
				C23A0F9A19A7B7DE002BF2B6 /* Source */,
				C23A0F7719A7B72C002BF2B6 /* Supporting Files */,
			);
			path = MagicalRecord;
			sourceTree = "<group>";
		};
		C23A0F7719A7B72C002BF2B6 /* Supporting Files */ = {
			isa = PBXGroup;
			children = (
				C23A0F7819A7B72C002BF2B6 /* MagicalRecord-Prefix.pch */,
			);
			name = "Supporting Files";
			sourceTree = "<group>";
		};
		C23A0F9A19A7B7DE002BF2B6 /* Source */ = {
			isa = PBXGroup;
			children = (
				C23A0F9B19A7B7DE002BF2B6 /* Categories */,
				C23A0FDB19A7B7DE002BF2B6 /* CoreData+MagicalRecord.h */,
				C23A0FDC19A7B7DE002BF2B6 /* MagicalMigrationManager.h */,
				C23A0FDD19A7B7DE002BF2B6 /* MagicalMigrationManager.m */,
				C23A0FDE19A7B7DE002BF2B6 /* MagicalRecord */,
				C23A0FE919A7B7DE002BF2B6 /* MagicalRecordShorthand.h */,
				C23A0FEA19A7B7DE002BF2B6 /* MagicalRecordStack */,
				C23A100219A7B7DE002BF2B6 /* Support */,
			);
			path = Source;
			sourceTree = "<group>";
		};
		C23A0F9B19A7B7DE002BF2B6 /* Categories */ = {
			isa = PBXGroup;
			children = (
				C23A0F9C19A7B7DE002BF2B6 /* CoreData */,
				C23A0FD119A7B7DE002BF2B6 /* Foundation */,
			);
			path = Categories;
			sourceTree = "<group>";
		};
		C23A0F9C19A7B7DE002BF2B6 /* CoreData */ = {
			isa = PBXGroup;
			children = (
				C23A0F9D19A7B7DE002BF2B6 /* Import */,
				C23A0FAC19A7B7DE002BF2B6 /* NSFetchedResultsController+MagicalFetching.h */,
				C23A0FAD19A7B7DE002BF2B6 /* NSFetchedResultsController+MagicalFetching.m */,
				C23A0FAE19A7B7DE002BF2B6 /* NSManagedObject */,
				C23A0FBB19A7B7DE002BF2B6 /* NSManagedObjectContext */,
				C23A0FC219A7B7DE002BF2B6 /* NSManagedObjectModel+MagicalRecord.h */,
				C23A0FC319A7B7DE002BF2B6 /* NSManagedObjectModel+MagicalRecord.m */,
				C23A0FC419A7B7DE002BF2B6 /* NSPersistentStore+MagicalRecord.h */,
				C23A0FC519A7B7DE002BF2B6 /* NSPersistentStore+MagicalRecord.m */,
				C23A0FC619A7B7DE002BF2B6 /* NSPersistentStoreCoordinator */,
			);
			path = CoreData;
			sourceTree = "<group>";
		};
		C23A0F9D19A7B7DE002BF2B6 /* Import */ = {
			isa = PBXGroup;
			children = (
				C23A0F9E19A7B7DE002BF2B6 /* MagicalImportFunctions.h */,
				C23A0F9F19A7B7DE002BF2B6 /* MagicalImportFunctions.m */,
				C23A0FA019A7B7DE002BF2B6 /* NSAttributeDescription+MagicalDataImport.h */,
				C23A0FA119A7B7DE002BF2B6 /* NSAttributeDescription+MagicalDataImport.m */,
				C23A0FA219A7B7DE002BF2B6 /* NSEntityDescription+MagicalDataImport.h */,
				C23A0FA319A7B7DE002BF2B6 /* NSEntityDescription+MagicalDataImport.m */,
				C23A0FA419A7B7DE002BF2B6 /* NSNumber+MagicalDataImport.h */,
				C23A0FA519A7B7DE002BF2B6 /* NSNumber+MagicalDataImport.m */,
				C23A0FA619A7B7DE002BF2B6 /* NSObject+MagicalDataImport.h */,
				C23A0FA719A7B7DE002BF2B6 /* NSObject+MagicalDataImport.m */,
				C23A0FA819A7B7DE002BF2B6 /* NSRelationshipDescription+MagicalDataImport.h */,
				C23A0FA919A7B7DE002BF2B6 /* NSRelationshipDescription+MagicalDataImport.m */,
				C23A0FAA19A7B7DE002BF2B6 /* NSString+MagicalDataImport.h */,
				C23A0FAB19A7B7DE002BF2B6 /* NSString+MagicalDataImport.m */,
			);
			path = Import;
			sourceTree = "<group>";
		};
		C23A0FAE19A7B7DE002BF2B6 /* NSManagedObject */ = {
			isa = PBXGroup;
			children = (
				C23A0FAF19A7B7DE002BF2B6 /* NSManagedObject+MagicalAggregation.h */,
				C23A0FB019A7B7DE002BF2B6 /* NSManagedObject+MagicalAggregation.m */,
				C23A0FB119A7B7DE002BF2B6 /* NSManagedObject+MagicalDataImport.h */,
				C23A0FB219A7B7DE002BF2B6 /* NSManagedObject+MagicalDataImport.m */,
				C23A0FB319A7B7DE002BF2B6 /* NSManagedObject+MagicalFetching.h */,
				C23A0FB419A7B7DE002BF2B6 /* NSManagedObject+MagicalFetching.m */,
				C23A0FB519A7B7DE002BF2B6 /* NSManagedObject+MagicalFinders.h */,
				C23A0FB619A7B7DE002BF2B6 /* NSManagedObject+MagicalFinders.m */,
				C23A0FB719A7B7DE002BF2B6 /* NSManagedObject+MagicalRecord.h */,
				C23A0FB819A7B7DE002BF2B6 /* NSManagedObject+MagicalRecord.m */,
				C23A0FB919A7B7DE002BF2B6 /* NSManagedObject+MagicalRequests.h */,
				C23A0FBA19A7B7DE002BF2B6 /* NSManagedObject+MagicalRequests.m */,
			);
			path = NSManagedObject;
			sourceTree = "<group>";
		};
		C23A0FBB19A7B7DE002BF2B6 /* NSManagedObjectContext */ = {
			isa = PBXGroup;
			children = (
				C23A0FBC19A7B7DE002BF2B6 /* NSManagedObjectContext+MagicalObserving.h */,
				C23A0FBD19A7B7DE002BF2B6 /* NSManagedObjectContext+MagicalObserving.m */,
				C23A0FBE19A7B7DE002BF2B6 /* NSManagedObjectContext+MagicalRecord.h */,
				C23A0FBF19A7B7DE002BF2B6 /* NSManagedObjectContext+MagicalRecord.m */,
				C23A0FC019A7B7DE002BF2B6 /* NSManagedObjectContext+MagicalSaves.h */,
				C23A0FC119A7B7DE002BF2B6 /* NSManagedObjectContext+MagicalSaves.m */,
			);
			path = NSManagedObjectContext;
			sourceTree = "<group>";
		};
		C23A0FC619A7B7DE002BF2B6 /* NSPersistentStoreCoordinator */ = {
			isa = PBXGroup;
			children = (
				C23A0FC719A7B7DE002BF2B6 /* NSPersistentStoreCoordinator+MagicalAutoMigrations.h */,
				C23A0FC819A7B7DE002BF2B6 /* NSPersistentStoreCoordinator+MagicalAutoMigrations.m */,
				C23A0FC919A7B7DE002BF2B6 /* NSPersistentStoreCoordinator+MagicaliCloudAdditions.h */,
				C23A0FCA19A7B7DE002BF2B6 /* NSPersistentStoreCoordinator+MagicaliCloudAdditions.m */,
				C23A0FCB19A7B7DE002BF2B6 /* NSPersistentStoreCoordinator+MagicalInMemoryStoreAdditions.h */,
				C23A0FCC19A7B7DE002BF2B6 /* NSPersistentStoreCoordinator+MagicalInMemoryStoreAdditions.m */,
				C23A0FCD19A7B7DE002BF2B6 /* NSPersistentStoreCoordinator+MagicalManualMigrations.h */,
				C23A0FCE19A7B7DE002BF2B6 /* NSPersistentStoreCoordinator+MagicalManualMigrations.m */,
				C23A0FCF19A7B7DE002BF2B6 /* NSPersistentStoreCoordinator+MagicalRecord.h */,
				C23A0FD019A7B7DE002BF2B6 /* NSPersistentStoreCoordinator+MagicalRecord.m */,
			);
			path = NSPersistentStoreCoordinator;
			sourceTree = "<group>";
		};
		C23A0FD119A7B7DE002BF2B6 /* Foundation */ = {
			isa = PBXGroup;
			children = (
				C23A0FD219A7B7DE002BF2B6 /* NSDictionary+MagicalRecordAdditions.h */,
				C23A0FD319A7B7DE002BF2B6 /* NSDictionary+MagicalRecordAdditions.m */,
				C23A0FD419A7B7DE002BF2B6 /* NSError+MagicalRecordErrorHandling.h */,
				C23A0FD519A7B7DE002BF2B6 /* NSError+MagicalRecordErrorHandling.m */,
			);
			path = Foundation;
			sourceTree = "<group>";
		};
		C23A0FDE19A7B7DE002BF2B6 /* MagicalRecord */ = {
			isa = PBXGroup;
			children = (
				C23A0FDF19A7B7DE002BF2B6 /* MagicalRecord+Actions.h */,
				C23A0FE019A7B7DE002BF2B6 /* MagicalRecord+Actions.m */,
				C23A0FE119A7B7DE002BF2B6 /* MagicalRecord+Options.h */,
				C23A0FE219A7B7DE002BF2B6 /* MagicalRecord+Options.m */,
				C23A0FE319A7B7DE002BF2B6 /* MagicalRecord+Setup.h */,
				C23A0FE419A7B7DE002BF2B6 /* MagicalRecord+Setup.m */,
				C23A0FE519A7B7DE002BF2B6 /* MagicalRecord+ShorthandSupport.h */,
				C23A0FE619A7B7DE002BF2B6 /* MagicalRecord+ShorthandSupport.m */,
				C23A0FE719A7B7DE002BF2B6 /* MagicalRecord.h */,
				C23A0FE819A7B7DE002BF2B6 /* MagicalRecord.m */,
			);
			path = MagicalRecord;
			sourceTree = "<group>";
		};
		C23A0FEA19A7B7DE002BF2B6 /* MagicalRecordStack */ = {
			isa = PBXGroup;
			children = (
				C23A0FEB19A7B7DE002BF2B6 /* AutoMigratingMagicalRecordStack.h */,
				C23A0FEC19A7B7DE002BF2B6 /* AutoMigratingMagicalRecordStack.m */,
				C23A0FED19A7B7DE002BF2B6 /* AutoMigratingWithSourceAndTargetModelMagicalRecordStack.h */,
				C23A0FEE19A7B7DE002BF2B6 /* AutoMigratingWithSourceAndTargetModelMagicalRecordStack.m */,
				C23A0FEF19A7B7DE002BF2B6 /* ClassicSQLiteMagicalRecordStack.h */,
				C23A0FF019A7B7DE002BF2B6 /* ClassicSQLiteMagicalRecordStack.m */,
				C23A0FF119A7B7DE002BF2B6 /* ClassicWithBackgroundCoordinatorSQLiteMagicalRecordStack.h */,
				C23A0FF219A7B7DE002BF2B6 /* ClassicWithBackgroundCoordinatorSQLiteMagicalRecordStack.m */,
				C23A0FF319A7B7DE002BF2B6 /* iCloudMagicalRecordStack.h */,
				C23A0FF419A7B7DE002BF2B6 /* iCloudMagicalRecordStack.m */,
				C23A0FF519A7B7DE002BF2B6 /* InMemoryMagicalRecordStack.h */,
				C23A0FF619A7B7DE002BF2B6 /* InMemoryMagicalRecordStack.m */,
				C23A0FF719A7B7DE002BF2B6 /* MagicalRecordStack+Actions.h */,
				C23A0FF819A7B7DE002BF2B6 /* MagicalRecordStack+Actions.m */,
				C23A0FF919A7B7DE002BF2B6 /* MagicalRecordStack+Private.h */,
				C23A0FFA19A7B7DE002BF2B6 /* MagicalRecordStack.h */,
				C23A0FFB19A7B7DE002BF2B6 /* MagicalRecordStack.m */,
				C23A0FFC19A7B7DE002BF2B6 /* ManuallyMigratingMagicalRecordStack.h */,
				C23A0FFD19A7B7DE002BF2B6 /* ManuallyMigratingMagicalRecordStack.m */,
				C23A0FFE19A7B7DE002BF2B6 /* SQLiteMagicalRecordStack.h */,
				C23A0FFF19A7B7DE002BF2B6 /* SQLiteMagicalRecordStack.m */,
				C23A100019A7B7DE002BF2B6 /* SQLiteWithSavingContextMagicalRecordStack.h */,
				C23A100119A7B7DE002BF2B6 /* SQLiteWithSavingContextMagicalRecordStack.m */,
			);
			path = MagicalRecordStack;
			sourceTree = "<group>";
		};
		C23A100219A7B7DE002BF2B6 /* Support */ = {
			isa = PBXGroup;
			children = (
				C23A100319A7B7DE002BF2B6 /* MagicalRecordLogging.h */,
			);
			path = Support;
			sourceTree = "<group>";
		};
/* End PBXGroup section */

/* Begin PBXNativeTarget section */
		C23A0F7019A7B72C002BF2B6 /* MagicalRecord */ = {
			isa = PBXNativeTarget;
			buildConfigurationList = C23A0F9419A7B72C002BF2B6 /* Build configuration list for PBXNativeTarget "MagicalRecord" */;
			buildPhases = (
				C23A0F6D19A7B72C002BF2B6 /* Sources */,
				C23A0F6E19A7B72C002BF2B6 /* Frameworks */,
				C23A0F6F19A7B72C002BF2B6 /* CopyFiles */,
			);
			buildRules = (
			);
			dependencies = (
			);
			name = MagicalRecord;
			productName = MagicalRecord;
			productReference = C23A0F7119A7B72C002BF2B6 /* MagicalRecord.a */;
			productType = "com.apple.product-type.library.static";
		};
/* End PBXNativeTarget section */

/* Begin PBXProject section */
		C23A0F6919A7B72C002BF2B6 /* Project object */ = {
			isa = PBXProject;
			attributes = {
				LastUpgradeCheck = 0510;
				ORGANIZATIONNAME = "Magic Panda";
			};
			buildConfigurationList = C23A0F6C19A7B72C002BF2B6 /* Build configuration list for PBXProject "MagicalRecord" */;
			compatibilityVersion = "Xcode 3.2";
			developmentRegion = English;
			hasScannedForEncodings = 0;
			knownRegions = (
				en,
			);
			mainGroup = C23A0F6819A7B72C002BF2B6;
			productRefGroup = C23A0F7219A7B72C002BF2B6 /* Products */;
			projectDirPath = "";
			projectRoot = "";
			targets = (
				C23A0F7019A7B72C002BF2B6 /* MagicalRecord */,
			);
		};
/* End PBXProject section */

/* Begin PBXSourcesBuildPhase section */
		C23A0F6D19A7B72C002BF2B6 /* Sources */ = {
			isa = PBXSourcesBuildPhase;
			buildActionMask = 2147483647;
			files = (
				C23A101119A7B7DE002BF2B6 /* NSManagedObject+MagicalRequests.m in Sources */,
				C23A100519A7B7DE002BF2B6 /* NSAttributeDescription+MagicalDataImport.m in Sources */,
				C23A100619A7B7DE002BF2B6 /* NSEntityDescription+MagicalDataImport.m in Sources */,
				C23A101519A7B7DE002BF2B6 /* NSManagedObjectModel+MagicalRecord.m in Sources */,
				C23A102619A7B7DE002BF2B6 /* AutoMigratingMagicalRecordStack.m in Sources */,
				C23A101319A7B7DE002BF2B6 /* NSManagedObjectContext+MagicalRecord.m in Sources */,
				C23A102919A7B7DE002BF2B6 /* ClassicWithBackgroundCoordinatorSQLiteMagicalRecordStack.m in Sources */,
				C23A102019A7B7DE002BF2B6 /* MagicalMigrationManager.m in Sources */,
				C23A101D19A7B7DE002BF2B6 /* NSError+MagicalRecordErrorHandling.m in Sources */,
				C23A101719A7B7DE002BF2B6 /* NSPersistentStoreCoordinator+MagicalAutoMigrations.m in Sources */,
				C23A100B19A7B7DE002BF2B6 /* NSFetchedResultsController+MagicalFetching.m in Sources */,
				C23A100D19A7B7DE002BF2B6 /* NSManagedObject+MagicalDataImport.m in Sources */,
				C23A101619A7B7DE002BF2B6 /* NSPersistentStore+MagicalRecord.m in Sources */,
				C23A103019A7B7DE002BF2B6 /* SQLiteWithSavingContextMagicalRecordStack.m in Sources */,
				C23A102419A7B7DE002BF2B6 /* MagicalRecord+ShorthandSupport.m in Sources */,
				C23A101919A7B7DE002BF2B6 /* NSPersistentStoreCoordinator+MagicalInMemoryStoreAdditions.m in Sources */,
				C23A102819A7B7DE002BF2B6 /* ClassicSQLiteMagicalRecordStack.m in Sources */,
				C23A101B19A7B7DE002BF2B6 /* NSPersistentStoreCoordinator+MagicalRecord.m in Sources */,
				C23A101C19A7B7DE002BF2B6 /* NSDictionary+MagicalRecordAdditions.m in Sources */,
				C23A102B19A7B7DE002BF2B6 /* InMemoryMagicalRecordStack.m in Sources */,
				C23A102C19A7B7DE002BF2B6 /* MagicalRecordStack+Actions.m in Sources */,
				C23A102519A7B7DE002BF2B6 /* MagicalRecord.m in Sources */,
				C23A102219A7B7DE002BF2B6 /* MagicalRecord+Options.m in Sources */,
				C23A100F19A7B7DE002BF2B6 /* NSManagedObject+MagicalFinders.m in Sources */,
				C23A100C19A7B7DE002BF2B6 /* NSManagedObject+MagicalAggregation.m in Sources */,
				C23A100419A7B7DE002BF2B6 /* MagicalImportFunctions.m in Sources */,
				C23A102A19A7B7DE002BF2B6 /* iCloudMagicalRecordStack.m in Sources */,
				C23A102F19A7B7DE002BF2B6 /* SQLiteMagicalRecordStack.m in Sources */,
				C23A101019A7B7DE002BF2B6 /* NSManagedObject+MagicalRecord.m in Sources */,
				C23A102119A7B7DE002BF2B6 /* MagicalRecord+Actions.m in Sources */,
				C23A100919A7B7DE002BF2B6 /* NSRelationshipDescription+MagicalDataImport.m in Sources */,
				C23A100719A7B7DE002BF2B6 /* NSNumber+MagicalDataImport.m in Sources */,
				C23A101419A7B7DE002BF2B6 /* NSManagedObjectContext+MagicalSaves.m in Sources */,
				C23A101819A7B7DE002BF2B6 /* NSPersistentStoreCoordinator+MagicaliCloudAdditions.m in Sources */,
				C23A102319A7B7DE002BF2B6 /* MagicalRecord+Setup.m in Sources */,
				C23A101219A7B7DE002BF2B6 /* NSManagedObjectContext+MagicalObserving.m in Sources */,
				C23A102719A7B7DE002BF2B6 /* AutoMigratingWithSourceAndTargetModelMagicalRecordStack.m in Sources */,
				C23A102E19A7B7DE002BF2B6 /* ManuallyMigratingMagicalRecordStack.m in Sources */,
				C23A100A19A7B7DE002BF2B6 /* NSString+MagicalDataImport.m in Sources */,
				C23A101A19A7B7DE002BF2B6 /* NSPersistentStoreCoordinator+MagicalManualMigrations.m in Sources */,
				C23A100819A7B7DE002BF2B6 /* NSObject+MagicalDataImport.m in Sources */,
				C23A100E19A7B7DE002BF2B6 /* NSManagedObject+MagicalFetching.m in Sources */,
				C23A102D19A7B7DE002BF2B6 /* MagicalRecordStack.m in Sources */,
			);
			runOnlyForDeploymentPostprocessing = 0;
		};
/* End PBXSourcesBuildPhase section */

/* Begin XCBuildConfiguration section */
		C23A0F9219A7B72C002BF2B6 /* Debug */ = {
			isa = XCBuildConfiguration;
			buildSettings = {
				ALWAYS_SEARCH_USER_PATHS = NO;
				CLANG_CXX_LANGUAGE_STANDARD = "gnu++0x";
				CLANG_CXX_LIBRARY = "libc++";
				CLANG_ENABLE_MODULES = YES;
				CLANG_ENABLE_OBJC_ARC = YES;
				CLANG_WARN_BOOL_CONVERSION = YES;
				CLANG_WARN_CONSTANT_CONVERSION = YES;
				CLANG_WARN_DIRECT_OBJC_ISA_USAGE = YES_ERROR;
				CLANG_WARN_EMPTY_BODY = YES;
				CLANG_WARN_ENUM_CONVERSION = YES;
				CLANG_WARN_INT_CONVERSION = YES;
				CLANG_WARN_OBJC_ROOT_CLASS = YES_ERROR;
				CLANG_WARN__DUPLICATE_METHOD_MATCH = YES;
				COPY_PHASE_STRIP = NO;
				GCC_C_LANGUAGE_STANDARD = gnu99;
				GCC_DYNAMIC_NO_PIC = NO;
				GCC_OPTIMIZATION_LEVEL = 0;
				GCC_PREPROCESSOR_DEFINITIONS = (
					"DEBUG=1",
					"$(inherited)",
				);
				GCC_SYMBOLS_PRIVATE_EXTERN = NO;
				GCC_WARN_64_TO_32_BIT_CONVERSION = YES;
				GCC_WARN_ABOUT_RETURN_TYPE = YES_ERROR;
				GCC_WARN_UNDECLARED_SELECTOR = YES;
				GCC_WARN_UNINITIALIZED_AUTOS = YES_AGGRESSIVE;
				GCC_WARN_UNUSED_FUNCTION = YES;
				GCC_WARN_UNUSED_VARIABLE = YES;
				IPHONEOS_DEPLOYMENT_TARGET = 7.1;
				ONLY_ACTIVE_ARCH = YES;
				SDKROOT = iphoneos;
			};
			name = Debug;
		};
		C23A0F9319A7B72C002BF2B6 /* Release */ = {
			isa = XCBuildConfiguration;
			buildSettings = {
				ALWAYS_SEARCH_USER_PATHS = NO;
				CLANG_CXX_LANGUAGE_STANDARD = "gnu++0x";
				CLANG_CXX_LIBRARY = "libc++";
				CLANG_ENABLE_MODULES = YES;
				CLANG_ENABLE_OBJC_ARC = YES;
				CLANG_WARN_BOOL_CONVERSION = YES;
				CLANG_WARN_CONSTANT_CONVERSION = YES;
				CLANG_WARN_DIRECT_OBJC_ISA_USAGE = YES_ERROR;
				CLANG_WARN_EMPTY_BODY = YES;
				CLANG_WARN_ENUM_CONVERSION = YES;
				CLANG_WARN_INT_CONVERSION = YES;
				CLANG_WARN_OBJC_ROOT_CLASS = YES_ERROR;
				CLANG_WARN__DUPLICATE_METHOD_MATCH = YES;
				COPY_PHASE_STRIP = YES;
				ENABLE_NS_ASSERTIONS = NO;
				GCC_C_LANGUAGE_STANDARD = gnu99;
				GCC_WARN_64_TO_32_BIT_CONVERSION = YES;
				GCC_WARN_ABOUT_RETURN_TYPE = YES_ERROR;
				GCC_WARN_UNDECLARED_SELECTOR = YES;
				GCC_WARN_UNINITIALIZED_AUTOS = YES_AGGRESSIVE;
				GCC_WARN_UNUSED_FUNCTION = YES;
				GCC_WARN_UNUSED_VARIABLE = YES;
				IPHONEOS_DEPLOYMENT_TARGET = 7.1;
				SDKROOT = iphoneos;
				VALIDATE_PRODUCT = YES;
			};
			name = Release;
		};
		C23A0F9519A7B72C002BF2B6 /* Debug */ = {
			isa = XCBuildConfiguration;
			buildSettings = {
				DSTROOT = /tmp/MagicalRecord.dst;
				EXECUTABLE_PREFIX = "";
				GCC_PRECOMPILE_PREFIX_HEADER = YES;
				GCC_PREFIX_HEADER = "MagicalRecord/MagicalRecord-Prefix.pch";
				OTHER_LDFLAGS = "-ObjC";
				PRODUCT_NAME = "$(TARGET_NAME)";
				SKIP_INSTALL = YES;
			};
			name = Debug;
		};
		C23A0F9619A7B72C002BF2B6 /* Release */ = {
			isa = XCBuildConfiguration;
			buildSettings = {
				DSTROOT = /tmp/MagicalRecord.dst;
				EXECUTABLE_PREFIX = "";
				GCC_PRECOMPILE_PREFIX_HEADER = YES;
				GCC_PREFIX_HEADER = "MagicalRecord/MagicalRecord-Prefix.pch";
				OTHER_LDFLAGS = "-ObjC";
				PRODUCT_NAME = "$(TARGET_NAME)";
				SKIP_INSTALL = YES;
			};
			name = Release;
		};
/* End XCBuildConfiguration section */

/* Begin XCConfigurationList section */
		C23A0F6C19A7B72C002BF2B6 /* Build configuration list for PBXProject "MagicalRecord" */ = {
			isa = XCConfigurationList;
			buildConfigurations = (
				C23A0F9219A7B72C002BF2B6 /* Debug */,
				C23A0F9319A7B72C002BF2B6 /* Release */,
			);
			defaultConfigurationIsVisible = 0;
			defaultConfigurationName = Release;
		};
		C23A0F9419A7B72C002BF2B6 /* Build configuration list for PBXNativeTarget "MagicalRecord" */ = {
			isa = XCConfigurationList;
			buildConfigurations = (
				C23A0F9519A7B72C002BF2B6 /* Debug */,
				C23A0F9619A7B72C002BF2B6 /* Release */,
			);
			defaultConfigurationIsVisible = 0;
			defaultConfigurationName = Release;
		};
/* End XCConfigurationList section */
	};
	rootObject = C23A0F6919A7B72C002BF2B6 /* Project object */;
}
